<Solution>
  <Configurations>
    <Platform Name="Any CPU" />
    <Platform Name="x64" />
  </Configurations>
  <Project Path="StoreInventorySystem/StoreInventorySystem.csproj">
    <Platform Solution="*|x64" Project="x64" />
  </Project>
  <Project Path="Test_StoreInventorySystem/Test_StoreInventorySystem.csproj" Id="43d4c56f-2b9a-4296-9f41-5c2c8f51161a" />
</Solution>
